{
  "name": "skylark-langx",
  "version": "0.9.5",
  "lockfileVersion": 1,
  "requires": true,
  "dependencies": {
    "skylark-langx-arrays": {
      "version": "git+https://github.com/skylark-langx/skylark-langx-arrays.git#46e034beb1ad156a40df722aa6529ea1907c6654",
      "from": "git+https://github.com/skylark-langx/skylark-langx-arrays.git#master",
      "requires": {
        "skylark-langx-ns": "git+https://github.com/skylark-langx/skylark-langx-ns.git#master",
        "skylark-langx-objects": "git+https://github.com/skylark-langx/skylark-langx-objects.git#master",
        "skylark-langx-types": "git+https://github.com/skylark-langx/skylark-langx-types.git#master"
      }
    },
    "skylark-langx-aspect": {
      "version": "git+https://github.com/skylark-langx/skylark-langx-aspect.git#b563751aa50a08a767993c64842d6298999d7f89",
      "from": "git+https://github.com/skylark-langx/skylark-langx-aspect.git#master",
      "requires": {
        "skylark-langx-ns": "git+https://github.com/skylark-langx/skylark-langx-ns.git#master"
      }
    },
    "skylark-langx-async": {
      "version": "git+https://github.com/skylark-langx/skylark-langx-async.git#250c620daa8e3b6d8da43d8adaed330497652743",
      "from": "git+https://github.com/skylark-langx/skylark-langx-async.git#master",
      "requires": {
        "skylark-langx-arrays": "git+https://github.com/skylark-langx/skylark-langx-arrays.git#master",
        "skylark-langx-funcs": "git+https://github.com/skylark-langx/skylark-langx-funcs.git#master",
        "skylark-langx-ns": "git+https://github.com/skylark-langx/skylark-langx-ns.git#master",
        "skylark-langx-objects": "git+https://github.com/skylark-langx/skylark-langx-objects.git#master",
        "skylark-langx-types": "git+https://github.com/skylark-langx/skylark-langx-types.git#master"
      }
    },
    "skylark-langx-binary": {
      "version": "git+https://github.com/skylark-langx/skylark-langx-binary.git#d77c100aa8534e8bfd61ae91dff17283ff1148ec",
      "from": "git+https://github.com/skylark-langx/skylark-langx-binary.git#master",
      "requires": {
        "skylark-langx-ns": "git+https://github.com/skylark-langx/skylark-langx-ns.git#master",
        "skylark-langx-types": "git+https://github.com/skylark-langx/skylark-langx-types.git#master"
      }
    },
    "skylark-langx-datetimes": {
      "version": "git+https://github.com/skylark-langx/skylark-langx-datetimes.git#1e07f2b15d0065d9e3b2004a7f060507a9576ebd",
      "from": "git+https://github.com/skylark-langx/skylark-langx-datetimes.git#master",
      "requires": {
        "skylark-langx-ns": "git+https://github.com/skylark-langx/skylark-langx-ns.git#master"
      }
    },
    "skylark-langx-emitter": {
      "version": "git+https://github.com/skylark-langx/skylark-langx-emitter.git#723f5f4bd6cf437238fa2eab2ad76d5e4e0b1324",
      "from": "git+https://github.com/skylark-langx/skylark-langx-emitter.git#master",
      "requires": {
        "skylark-langx-events": "git+https://github.com/skylark-langx/skylark-langx-events.git#master"
      }
    },
    "skylark-langx-events": {
      "version": "git+https://github.com/skylark-langx/skylark-langx-events.git#490bb89b90f63291819b920f72e494bac870862c",
      "from": "git+https://github.com/skylark-langx/skylark-langx-events.git#master",
      "requires": {
        "skylark-langx-arrays": "git+https://github.com/skylark-langx/skylark-langx-arrays.git#master",
        "skylark-langx-funcs": "git+https://github.com/skylark-langx/skylark-langx-funcs.git#master",
        "skylark-langx-hoster": "git+https://github.com/skylark-langx/skylark-langx-hoster.git#master",
        "skylark-langx-klass": "git+https://github.com/skylark-langx/skylark-langx-klass.git#master",
        "skylark-langx-ns": "git+https://github.com/skylark-langx/skylark-langx-ns.git#master",
        "skylark-langx-objects": "git+https://github.com/skylark-langx/skylark-langx-objects.git#master",
        "skylark-langx-types": "git+https://github.com/skylark-langx/skylark-langx-types.git#master"
      }
    },
    "skylark-langx-funcs": {
      "version": "git+https://github.com/skylark-langx/skylark-langx-funcs.git#03309cd883511dc89cb9caf9553ed02768cc63d3",
      "from": "git+https://github.com/skylark-langx/skylark-langx-funcs.git#master",
      "requires": {
        "skylark-langx-ns": "git+https://github.com/skylark-langx/skylark-langx-ns.git#master",
        "skylark-langx-objects": "git+https://github.com/skylark-langx/skylark-langx-objects.git#master",
        "skylark-langx-types": "git+https://github.com/skylark-langx/skylark-langx-types.git#master"
      }
    },
    "skylark-langx-hoster": {
      "version": "git+https://github.com/skylark-langx/skylark-langx-hoster.git#61217b2eb2ce6d4d2923cd62b9deec3ee9f94d70",
      "from": "git+https://github.com/skylark-langx/skylark-langx-hoster.git#master",
      "requires": {
        "skylark-langx-ns": "git+https://github.com/skylark-langx/skylark-langx-ns.git#master"
      }
    },
    "skylark-langx-klass": {
      "version": "git+https://github.com/skylark-langx/skylark-langx-klass.git#bee8937fad14ad9ced2ecdae8a60156964c571d2",
      "from": "git+https://github.com/skylark-langx/skylark-langx-klass.git#master",
      "requires": {
        "skylark-langx-arrays": "git+https://github.com/skylark-langx/skylark-langx-arrays.git#master",
        "skylark-langx-ns": "git+https://github.com/skylark-langx/skylark-langx-ns.git#master",
        "skylark-langx-objects": "git+https://github.com/skylark-langx/skylark-langx-objects.git#master",
        "skylark-langx-types": "git+https://github.com/skylark-langx/skylark-langx-types.git#master"
      }
    },
    "skylark-langx-maths": {
      "version": "git+https://github.com/skylark-langx/skylark-langx-maths.git#f5c9f5d91c9f2a0e09761113606e7b11f0351bd6",
      "from": "git+https://github.com/skylark-langx/skylark-langx-maths.git#master",
      "requires": {
        "skylark-langx-ns": "git+https://github.com/skylark-langx/skylark-langx-ns.git#master",
        "skylark-langx-types": "git+https://github.com/skylark-langx/skylark-langx-types.git#master"
      }
    },
    "skylark-langx-ns": {
      "version": "git+https://github.com/skylark-langx/skylark-langx-ns.git#a2c2d17dd695e6a11de77d82a0a050da8ffd2759",
      "from": "git+https://github.com/skylark-langx/skylark-langx-ns.git#master"
    },
    "skylark-langx-numerics": {
      "version": "git+https://github.com/skylark-langx/skylark-langx-numerics.git#d65cd0e6d727af8f9069e22c785bd51d9009ae69",
      "from": "git+https://github.com/skylark-langx/skylark-langx-numerics.git#master",
      "requires": {
        "skylark-langx-klass": "git+https://github.com/skylark-langx/skylark-langx-klass.git#master",
        "skylark-langx-ns": "git+https://github.com/skylark-langx/skylark-langx-ns.git#master",
        "skylark-langx-types": "git+https://github.com/skylark-langx/skylark-langx-types.git#master"
      }
    },
    "skylark-langx-objects": {
      "version": "git+https://github.com/skylark-langx/skylark-langx-objects.git#3fd90f67a493e5311c61acbadb94d6c1776d5bc5",
      "from": "git+https://github.com/skylark-langx/skylark-langx-objects.git#master",
      "requires": {
        "skylark-langx-ns": "git+https://github.com/skylark-langx/skylark-langx-ns.git#master",
        "skylark-langx-types": "git+https://github.com/skylark-langx/skylark-langx-types.git#master"
      }
    },
    "skylark-langx-strings": {
      "version": "git+https://github.com/skylark-langx/skylark-langx-strings.git#b12338e0cd6d4b16276214b963256077b9be8abb",
      "from": "git+https://github.com/skylark-langx/skylark-langx-strings.git#master",
      "requires": {
        "skylark-langx-ns": "git+https://github.com/skylark-langx/skylark-langx-ns.git#master"
      }
    },
    "skylark-langx-topic": {
      "version": "git+https://github.com/skylark-langx/skylark-langx-topic.git#d4844e8edba82a88ef186d7ff4e430be4bc0e164",
      "from": "git+https://github.com/skylark-langx/skylark-langx-topic.git#master",
      "requires": {
        "skylark-langx-emitter": "git+https://github.com/skylark-langx/skylark-langx-emitter.git#master",
        "skylark-langx-ns": "git+https://github.com/skylark-langx/skylark-langx-ns.git#master"
      }
    },
    "skylark-langx-types": {
      "version": "git+https://github.com/skylark-langx/skylark-langx-types.git#96087ff4d9ddc363b75203a960e7ccedfc61d1ea",
      "from": "git+https://github.com/skylark-langx/skylark-langx-types.git#master",
      "requires": {
        "skylark-langx-ns": "git+https://github.com/skylark-langx/skylark-langx-ns.git#master"
      }
    }
  }
}
