{
  "name": "skylark-langx",
  "version": "0.9.5",
  "lockfileVersion": 1,
  "requires": true,
  "dependencies": {
    "skylark-langx-arrays": {
      "version": "git+https://github.com/skylark-langx/skylark-langx-arrays.git#5f092ba8e019dad0b3dbf327b2ec241740d37e8c",
      "from": "git+https://github.com/skylark-langx/skylark-langx-arrays.git#master",
      "requires": {
        "skylark-langx-ns": "git+https://github.com/skylark-langx/skylark-langx-ns.git#master",
        "skylark-langx-objects": "git+https://github.com/skylark-langx/skylark-langx-objects.git#master",
        "skylark-langx-types": "git+https://github.com/skylark-langx/skylark-langx-types.git#master"
      }
    },
    "skylark-langx-aspect": {
      "version": "git+https://github.com/skylark-langx/skylark-langx-aspect.git#5dc6ed138e54c977927861c1f75c4195b611ce36",
      "from": "git+https://github.com/skylark-langx/skylark-langx-aspect.git#master",
      "requires": {
        "skylark-langx-ns": "git+https://github.com/skylark-langx/skylark-langx-ns.git#master"
      }
    },
    "skylark-langx-async": {
      "version": "git+https://github.com/skylark-langx/skylark-langx-async.git#03c5ae60bafb6f9b5664d3072508342dd967a8af",
      "from": "git+https://github.com/skylark-langx/skylark-langx-async.git#master",
      "requires": {
        "skylark-langx-arrays": "git+https://github.com/skylark-langx/skylark-langx-arrays.git#master",
        "skylark-langx-funcs": "git+https://github.com/skylark-langx/skylark-langx-funcs.git#master",
        "skylark-langx-ns": "git+https://github.com/skylark-langx/skylark-langx-ns.git#master",
        "skylark-langx-objects": "git+https://github.com/skylark-langx/skylark-langx-objects.git#master",
        "skylark-langx-types": "git+https://github.com/skylark-langx/skylark-langx-types.git#master"
      }
    },
    "skylark-langx-binary": {
      "version": "git+https://github.com/skylark-langx/skylark-langx-binary.git#641ecdacfbf9f7f26970ba6143aaa0be62bd2041",
      "from": "git+https://github.com/skylark-langx/skylark-langx-binary.git#master",
      "requires": {
        "skylark-langx-ns": "git+https://github.com/skylark-langx/skylark-langx-ns.git#master",
        "skylark-langx-types": "git+https://github.com/skylark-langx/skylark-langx-types.git#master"
      }
    },
    "skylark-langx-datetimes": {
      "version": "git+https://github.com/skylark-langx/skylark-langx-datetimes.git#12c96057fc5e07b94a9e8913c56312a11de16e30",
      "from": "git+https://github.com/skylark-langx/skylark-langx-datetimes.git#master",
      "requires": {
        "skylark-langx-ns": "git+https://github.com/skylark-langx/skylark-langx-ns.git#master"
      }
    },
    "skylark-langx-emitter": {
      "version": "git+https://github.com/skylark-langx/skylark-langx-emitter.git#2f9c952be51fc545b0d634d9b4ca2ac5c607a0e8",
      "from": "git+https://github.com/skylark-langx/skylark-langx-emitter.git#master",
      "requires": {
        "skylark-langx-events": "git+https://github.com/skylark-langx/skylark-langx-events.git#master"
      }
    },
    "skylark-langx-events": {
      "version": "git+https://github.com/skylark-langx/skylark-langx-events.git#189fb4039a11bad132a0b5acc29942b4da719e39",
      "from": "git+https://github.com/skylark-langx/skylark-langx-events.git#master",
      "requires": {
        "skylark-langx-arrays": "git+https://github.com/skylark-langx/skylark-langx-arrays.git#master",
        "skylark-langx-funcs": "git+https://github.com/skylark-langx/skylark-langx-funcs.git#master",
        "skylark-langx-hoster": "git+https://github.com/skylark-langx/skylark-langx-hoster.git#master",
        "skylark-langx-klass": "git+https://github.com/skylark-langx/skylark-langx-klass.git#master",
        "skylark-langx-ns": "git+https://github.com/skylark-langx/skylark-langx-ns.git#master",
        "skylark-langx-objects": "git+https://github.com/skylark-langx/skylark-langx-objects.git#master",
        "skylark-langx-types": "git+https://github.com/skylark-langx/skylark-langx-types.git#master"
      }
    },
    "skylark-langx-funcs": {
      "version": "git+https://github.com/skylark-langx/skylark-langx-funcs.git#6d48cf77529342a0e5a21e3c0c19f7310d8e513f",
      "from": "git+https://github.com/skylark-langx/skylark-langx-funcs.git#master",
      "requires": {
        "skylark-langx-ns": "git+https://github.com/skylark-langx/skylark-langx-ns.git#master",
        "skylark-langx-objects": "git+https://github.com/skylark-langx/skylark-langx-objects.git#master",
        "skylark-langx-types": "git+https://github.com/skylark-langx/skylark-langx-types.git#master"
      }
    },
    "skylark-langx-hoster": {
      "version": "git+https://github.com/skylark-langx/skylark-langx-hoster.git#94b7af24a967c545349ce8007fdd5b9055096d6e",
      "from": "git+https://github.com/skylark-langx/skylark-langx-hoster.git#master",
      "requires": {
        "skylark-langx-ns": "git+https://github.com/skylark-langx/skylark-langx-ns.git#master"
      }
    },
    "skylark-langx-klass": {
      "version": "git+https://github.com/skylark-langx/skylark-langx-klass.git#4cdbed1d0f7a60001c9b2d821df7b0a1a12202dd",
      "from": "git+https://github.com/skylark-langx/skylark-langx-klass.git#master",
      "requires": {
        "skylark-langx-arrays": "git+https://github.com/skylark-langx/skylark-langx-arrays.git#master",
        "skylark-langx-ns": "git+https://github.com/skylark-langx/skylark-langx-ns.git#master",
        "skylark-langx-objects": "git+https://github.com/skylark-langx/skylark-langx-objects.git#master",
        "skylark-langx-types": "git+https://github.com/skylark-langx/skylark-langx-types.git#master"
      }
    },
    "skylark-langx-maths": {
      "version": "git+https://github.com/skylark-langx/skylark-langx-maths.git#bda6006f94883795db1121f5cbf674b575e337e6",
      "from": "git+https://github.com/skylark-langx/skylark-langx-maths.git#master",
      "requires": {
        "skylark-langx-ns": "git+https://github.com/skylark-langx/skylark-langx-ns.git#master",
        "skylark-langx-types": "git+https://github.com/skylark-langx/skylark-langx-types.git#master"
      }
    },
    "skylark-langx-ns": {
      "version": "git+https://github.com/skylark-langx/skylark-langx-ns.git#8a0eec68de009fe25a343dae02d84b4edce94628",
      "from": "git+https://github.com/skylark-langx/skylark-langx-ns.git#master"
    },
    "skylark-langx-numerics": {
      "version": "git+https://github.com/skylark-langx/skylark-langx-numerics.git#a476e24caa7526a70d2cc1236fd9c9be06c3a410",
      "from": "git+https://github.com/skylark-langx/skylark-langx-numerics.git#master",
      "requires": {
        "skylark-langx-klass": "git+https://github.com/skylark-langx/skylark-langx-klass.git#master",
        "skylark-langx-ns": "git+https://github.com/skylark-langx/skylark-langx-ns.git#master",
        "skylark-langx-types": "git+https://github.com/skylark-langx/skylark-langx-types.git#master"
      }
    },
    "skylark-langx-objects": {
      "version": "git+https://github.com/skylark-langx/skylark-langx-objects.git#e5409748b791487646b7506f694ca3a27a349f22",
      "from": "git+https://github.com/skylark-langx/skylark-langx-objects.git#master",
      "requires": {
        "skylark-langx-ns": "git+https://github.com/skylark-langx/skylark-langx-ns.git#master",
        "skylark-langx-types": "git+https://github.com/skylark-langx/skylark-langx-types.git#master"
      }
    },
    "skylark-langx-strings": {
      "version": "git+https://github.com/skylark-langx/skylark-langx-strings.git#60b2f4ecd1abf534bd4000ba87dcc7f8bf75a1de",
      "from": "git+https://github.com/skylark-langx/skylark-langx-strings.git#master",
      "requires": {
        "skylark-langx-ns": "git+https://github.com/skylark-langx/skylark-langx-ns.git#master"
      }
    },
    "skylark-langx-topic": {
      "version": "git+https://github.com/skylark-langx/skylark-langx-topic.git#1e170afb4c8cceba44ea53c01488cba5b6b8b5b4",
      "from": "git+https://github.com/skylark-langx/skylark-langx-topic.git#master",
      "requires": {
        "skylark-langx-emitter": "git+https://github.com/skylark-langx/skylark-langx-emitter.git#master",
        "skylark-langx-ns": "git+https://github.com/skylark-langx/skylark-langx-ns.git#master"
      }
    },
    "skylark-langx-types": {
      "version": "git+https://github.com/skylark-langx/skylark-langx-types.git#15857efdd67ec45d7b060983bbd65d1d258b3b31",
      "from": "git+https://github.com/skylark-langx/skylark-langx-types.git#master",
      "requires": {
        "skylark-langx-ns": "git+https://github.com/skylark-langx/skylark-langx-ns.git#master"
      }
    }
  }
}
