{
  "name": "skylark-langx",
  "version": "0.9.5",
  "lockfileVersion": 1,
  "requires": true,
  "dependencies": {
    "skylark-langx-arrays": {
      "version": "git+https://github.com/skylarklangx/skylark-langx-arrays.git#2fed96ebee74948c38bae070f087cde585905ad8",
      "from": "git+https://github.com/skylarklangx/skylark-langx-arrays.git#master",
      "requires": {
        "skylark-langx-ns": "git+https://github.com/skylarklangx/skylark-langx-ns.git#master",
        "skylark-langx-objects": "git+https://github.com/skylarklangx/skylark-langx-objects.git#master",
        "skylark-langx-types": "git+https://github.com/skylarklangx/skylark-langx-types.git#master"
      }
    },
    "skylark-langx-aspect": {
      "version": "git+https://github.com/skylarklangx/skylark-langx-aspect.git#492bfe11ea812b043eee194bc026face9dffd16b",
      "from": "git+https://github.com/skylarklangx/skylark-langx-aspect.git#master",
      "requires": {
        "skylark-langx-ns": "git+https://github.com/skylarklangx/skylark-langx-ns.git#master"
      }
    },
    "skylark-langx-async": {
      "version": "git+https://github.com/skylarklangx/skylark-langx-async.git#1205f7015503f1cb4533ea6404c12650176f8594",
      "from": "git+https://github.com/skylarklangx/skylark-langx-async.git#master",
      "requires": {
        "skylark-langx-arrays": "git+https://github.com/skylarklangx/skylark-langx-arrays.git#master",
        "skylark-langx-funcs": "git+https://github.com/skylarklangx/skylark-langx-funcs.git#master",
        "skylark-langx-ns": "git+https://github.com/skylarklangx/skylark-langx-ns.git#master",
        "skylark-langx-objects": "git+https://github.com/skylarklangx/skylark-langx-objects.git#master",
        "skylark-langx-types": "git+https://github.com/skylarklangx/skylark-langx-types.git#master"
      }
    },
    "skylark-langx-datetimes": {
      "version": "git+https://github.com/skylarklangx/skylark-langx-datetimes.git#bf1f1609262f660736182f54982855f2ab06e0e3",
      "from": "git+https://github.com/skylarklangx/skylark-langx-datetimes.git#master",
      "requires": {
        "skylark-langx-ns": "git+https://github.com/skylarklangx/skylark-langx-ns.git#master"
      }
    },
    "skylark-langx-emitter": {
      "version": "git+https://github.com/skylarklangx/skylark-langx-emitter.git#4f620e03992103fe2b173d01c5dbf4d92a283cea",
      "from": "git+https://github.com/skylarklangx/skylark-langx-emitter.git#master",
      "requires": {
        "skylark-langx-arrays": "git+https://github.com/skylarklangx/skylark-langx-arrays.git#master",
        "skylark-langx-klass": "git+https://github.com/skylarklangx/skylark-langx-klass.git#master",
        "skylark-langx-ns": "git+https://github.com/skylarklangx/skylark-langx-ns.git#master",
        "skylark-langx-objects": "git+https://github.com/skylarklangx/skylark-langx-objects.git#master",
        "skylark-langx-types": "git+https://github.com/skylarklangx/skylark-langx-types.git#master"
      }
    },
    "skylark-langx-funcs": {
      "version": "git+https://github.com/skylarklangx/skylark-langx-funcs.git#ec4f0d5f4bcdb0096e4616f827e857f9ed94db9c",
      "from": "git+https://github.com/skylarklangx/skylark-langx-funcs.git#master",
      "requires": {
        "skylark-langx-ns": "git+https://github.com/skylarklangx/skylark-langx-ns.git#master",
        "skylark-langx-objects": "git+https://github.com/skylarklangx/skylark-langx-objects.git#master",
        "skylark-langx-types": "git+https://github.com/skylarklangx/skylark-langx-types.git#master"
      }
    },
    "skylark-langx-hoster": {
      "version": "git+https://github.com/skylarklangx/skylark-langx-hoster.git#b818d264b9f3f831e4d1a7f45e1e65d2ca8f80c6",
      "from": "git+https://github.com/skylarklangx/skylark-langx-hoster.git#master",
      "requires": {
        "skylark-langx-ns": "git+https://github.com/skylarklangx/skylark-langx-ns.git#master"
      }
    },
    "skylark-langx-klass": {
      "version": "git+https://github.com/skylarklangx/skylark-langx-klass.git#f820a94bbd903bfb299cadfb5121c6cd60ec8316",
      "from": "git+https://github.com/skylarklangx/skylark-langx-klass.git#master",
      "requires": {
        "skylark-langx-arrays": "git+https://github.com/skylarklangx/skylark-langx-arrays.git#master",
        "skylark-langx-ns": "git+https://github.com/skylarklangx/skylark-langx-ns.git#master",
        "skylark-langx-objects": "git+https://github.com/skylarklangx/skylark-langx-objects.git#master",
        "skylark-langx-types": "git+https://github.com/skylarklangx/skylark-langx-types.git#master"
      }
    },
    "skylark-langx-ns": {
      "version": "git+https://github.com/skylarklangx/skylark-langx-ns.git#a2c2d17dd695e6a11de77d82a0a050da8ffd2759",
      "from": "git+https://github.com/skylarklangx/skylark-langx-ns.git#master"
    },
    "skylark-langx-numbers": {
      "version": "git+https://github.com/skylarklangx/skylark-langx-numbers.git#5410d04bfa39b6f2723ac79f58716fc208c2dc1d",
      "from": "git+https://github.com/skylarklangx/skylark-langx-numbers.git#master",
      "requires": {
        "skylark-langx-ns": "git+https://github.com/skylarklangx/skylark-langx-ns.git#master",
        "skylark-langx-types": "git+https://github.com/skylarklangx/skylark-langx-types.git#master"
      }
    },
    "skylark-langx-objects": {
      "version": "git+https://github.com/skylarklangx/skylark-langx-objects.git#a6af0be463b42956673c204964569f2a3d861a26",
      "from": "git+https://github.com/skylarklangx/skylark-langx-objects.git#master",
      "requires": {
        "skylark-langx-ns": "git+https://github.com/skylarklangx/skylark-langx-ns.git#master",
        "skylark-langx-numbers": "git+https://github.com/skylarklangx/skylark-langx-numbers.git#master",
        "skylark-langx-types": "git+https://github.com/skylarklangx/skylark-langx-types.git#master"
      }
    },
    "skylark-langx-strings": {
      "version": "git+https://github.com/skylarklangx/skylark-langx-strings.git#6a00b361cf0b0d261406cfde17a69fb14d5d0ec4",
      "from": "git+https://github.com/skylarklangx/skylark-langx-strings.git#master",
      "requires": {
        "skylark-langx-ns": "git+https://github.com/skylarklangx/skylark-langx-ns.git#master"
      }
    },
    "skylark-langx-topic": {
      "version": "git+https://github.com/skylarklangx/skylark-langx-topic.git#9224acad06b7f48f3fc8ee21c640b36d811b7928",
      "from": "git+https://github.com/skylarklangx/skylark-langx-topic.git#master",
      "requires": {
        "skylark-langx-emitter": "git+https://github.com/skylarklangx/skylark-langx-emitter.git#master",
        "skylark-langx-ns": "git+https://github.com/skylarklangx/skylark-langx-ns.git#master"
      }
    },
    "skylark-langx-types": {
      "version": "git+https://github.com/skylarklangx/skylark-langx-types.git#ab15f0142fb03f40f4504745385108f172ab9d4b",
      "from": "git+https://github.com/skylarklangx/skylark-langx-types.git#master",
      "requires": {
        "skylark-langx-ns": "git+https://github.com/skylarklangx/skylark-langx-ns.git#master"
      }
    },
    "skylark-langx-xhr": {
      "version": "git+https://github.com/skylarklangx/skylark-langx-xhr.git#5b9ee5498b0507c59cf380e8e028f98d54898f1d",
      "from": "git+https://github.com/skylarklangx/skylark-langx-xhr.git#master",
      "requires": {
        "skylark-langx-arrays": "git+https://github.com/skylarklangx/skylark-langx-arrays.git#master",
        "skylark-langx-async": "git+https://github.com/skylarklangx/skylark-langx-async.git#master",
        "skylark-langx-emitter": "git+https://github.com/skylarklangx/skylark-langx-emitter.git#master",
        "skylark-langx-funcs": "git+https://github.com/skylarklangx/skylark-langx-funcs.git#master",
        "skylark-langx-ns": "git+https://github.com/skylarklangx/skylark-langx-ns.git#master",
        "skylark-langx-objects": "git+https://github.com/skylarklangx/skylark-langx-objects.git#master",
        "skylark-langx-types": "git+https://github.com/skylarklangx/skylark-langx-types.git#master"
      }
    }
  }
}
